
Microsoft Visual Studio Solution File, Format Version 12.00
# Visual Studio Version 17
VisualStudioVersion = 17.10.35122.118
MinimumVisualStudioVersion = 10.0.40219.1
Project("{9A19103F-16F7-4668-BE54-9A1E7A4F7556}") = "SNS24.WebApi", "SNS24.Api\SNS24.WebApi.csproj", "{C6B41834-8F8D-4FC8-BBD7-B79487B4DAA6}"
EndProject
Global
	GlobalSection(SolutionConfigurationPlatforms) = preSolution
		Debug|Any CPU = Debug|Any CPU
		Release|Any CPU = Release|Any CPU
	EndGlobalSection
	GlobalSection(ProjectConfigurationPlatforms) = postSolution
		{C6B41834-8F8D-4FC8-BBD7-B79487B4DAA6}.Debug|Any CPU.ActiveCfg = Debug|Any CPU
		{C6B41834-8F8D-4FC8-BBD7-B79487B4DAA6}.Debug|Any CPU.Build.0 = Debug|Any CPU
		{C6B41834-8F8D-4FC8-BBD7-B79487B4DAA6}.Release|Any CPU.ActiveCfg = Release|Any CPU
		{C6B41834-8F8D-4FC8-BBD7-B79487B4DAA6}.Release|Any CPU.Build.0 = Release|Any CPU
	EndGlobalSection
	GlobalSection(SolutionProperties) = preSolution
		HideSolutionNode = FALSE
	EndGlobalSection
	GlobalSection(ExtensibilityGlobals) = postSolution
		SolutionGuid = {C361C6DE-CD61-4B89-BE15-55B7D0CBCBCE}
	EndGlobalSection
EndGlobal
